// !$*UTF8*$!
{
	archiveVersion = 1;
	classes = {
	};
	objectVersion = 55;
	objects = {

/* Begin PBXBuildFile section */
		6D66BA6193A41B08EE1F98CB /* Pods_AppLibrary_Challenge4.framework in Frameworks */ = {isa = PBXBuildFile; fileRef = BE86899BD7149698B409A6DE /* Pods_AppLibrary_Challenge4.framework */; };
		C530202A27D806CC00DFD505 /* ReusableTableViewCell.swift in Sources */ = {isa = PBXBuildFile; fileRef = C530202927D806CC00DFD505 /* ReusableTableViewCell.swift */; };
		C5329A6D27DC1B7200FEBC21 /* UserModel.swift in Sources */ = {isa = PBXBuildFile; fileRef = C5329A6C27DC1B7200FEBC21 /* UserModel.swift */; };
		C53A432627D024E000AAD840 /* GoogleService-Info.plist in Resources */ = {isa = PBXBuildFile; fileRef = C53A432527D024E000AAD840 /* GoogleService-Info.plist */; };
		C54F7CA927CC9B6C0057EDF3 /* AppDelegate.swift in Sources */ = {isa = PBXBuildFile; fileRef = C54F7CA827CC9B6C0057EDF3 /* AppDelegate.swift */; };
		C54F7CAB27CC9B6C0057EDF3 /* SceneDelegate.swift in Sources */ = {isa = PBXBuildFile; fileRef = C54F7CAA27CC9B6C0057EDF3 /* SceneDelegate.swift */; };
		C54F7CAD27CC9B6C0057EDF3 /* ViewController.swift in Sources */ = {isa = PBXBuildFile; fileRef = C54F7CAC27CC9B6C0057EDF3 /* ViewController.swift */; };
		C54F7CB027CC9B6C0057EDF3 /* Main.storyboard in Resources */ = {isa = PBXBuildFile; fileRef = C54F7CAE27CC9B6C0057EDF3 /* Main.storyboard */; };
		C54F7CB227CC9B6D0057EDF3 /* Assets.xcassets in Resources */ = {isa = PBXBuildFile; fileRef = C54F7CB127CC9B6D0057EDF3 /* Assets.xcassets */; };
		C54F7CB527CC9B6D0057EDF3 /* LaunchScreen.storyboard in Resources */ = {isa = PBXBuildFile; fileRef = C54F7CB327CC9B6D0057EDF3 /* LaunchScreen.storyboard */; };
		C571846627CDEA6500769EE0 /* Constants.swift in Sources */ = {isa = PBXBuildFile; fileRef = C571846527CDEA6500769EE0 /* Constants.swift */; };
		C571846D27CDFFF500769EE0 /* RegistroViewController.swift in Sources */ = {isa = PBXBuildFile; fileRef = C571846C27CDFFF500769EE0 /* RegistroViewController.swift */; };
		C571846F27CE00B400769EE0 /* HomeViewController.swift in Sources */ = {isa = PBXBuildFile; fileRef = C571846E27CE00B400769EE0 /* HomeViewController.swift */; };
		C59F39D327CEF0E6007A4BF6 /* UITextField++.swift in Sources */ = {isa = PBXBuildFile; fileRef = C59F39D227CEF0E6007A4BF6 /* UITextField++.swift */; };
		C59F39D527CF1C36007A4BF6 /* UIButton++.swift in Sources */ = {isa = PBXBuildFile; fileRef = C59F39D427CF1C36007A4BF6 /* UIButton++.swift */; };
		C5A7AF2427DBBE940081BAB3 /* RegistroViewModel.swift in Sources */ = {isa = PBXBuildFile; fileRef = C5A7AF2327DBBE940081BAB3 /* RegistroViewModel.swift */; };
		C5A7AF2627DBCD020081BAB3 /* AcountViewController.swift in Sources */ = {isa = PBXBuildFile; fileRef = C5A7AF2527DBCD020081BAB3 /* AcountViewController.swift */; };
		C5A7AF2827DBD8FA0081BAB3 /* AuthorsViewController.swift in Sources */ = {isa = PBXBuildFile; fileRef = C5A7AF2727DBD8FA0081BAB3 /* AuthorsViewController.swift */; };
		C5A7AF2A27DBDC1E0081BAB3 /* SearchViewController.swift in Sources */ = {isa = PBXBuildFile; fileRef = C5A7AF2927DBDC1E0081BAB3 /* SearchViewController.swift */; };
		C5A7AF2C27DBE31B0081BAB3 /* AddContentViewController.swift in Sources */ = {isa = PBXBuildFile; fileRef = C5A7AF2B27DBE31B0081BAB3 /* AddContentViewController.swift */; };
		C5A7AF2E27DBE8740081BAB3 /* AddAuthorsViewController.swift in Sources */ = {isa = PBXBuildFile; fileRef = C5A7AF2D27DBE8740081BAB3 /* AddAuthorsViewController.swift */; };
		C5A7AF3027DBF2DB0081BAB3 /* UITextView++.swift in Sources */ = {isa = PBXBuildFile; fileRef = C5A7AF2F27DBF2DB0081BAB3 /* UITextView++.swift */; };
/* End PBXBuildFile section */

/* Begin PBXFileReference section */
		8BFEEFE20C0928F2E02B69A9 /* Pods-AppLibrary-Challenge4.release.xcconfig */ = {isa = PBXFileReference; includeInIndex = 1; lastKnownFileType = text.xcconfig; name = "Pods-AppLibrary-Challenge4.release.xcconfig"; path = "Target Support Files/Pods-AppLibrary-Challenge4/Pods-AppLibrary-Challenge4.release.xcconfig"; sourceTree = "<group>"; };
		BE86899BD7149698B409A6DE /* Pods_AppLibrary_Challenge4.framework */ = {isa = PBXFileReference; explicitFileType = wrapper.framework; includeInIndex = 0; path = Pods_AppLibrary_Challenge4.framework; sourceTree = BUILT_PRODUCTS_DIR; };
		C530202927D806CC00DFD505 /* ReusableTableViewCell.swift */ = {isa = PBXFileReference; lastKnownFileType = sourcecode.swift; path = ReusableTableViewCell.swift; sourceTree = "<group>"; };
		C5329A6C27DC1B7200FEBC21 /* UserModel.swift */ = {isa = PBXFileReference; lastKnownFileType = sourcecode.swift; path = UserModel.swift; sourceTree = "<group>"; };
		C53A432527D024E000AAD840 /* GoogleService-Info.plist */ = {isa = PBXFileReference; fileEncoding = 4; lastKnownFileType = text.plist.xml; path = "GoogleService-Info.plist"; sourceTree = "<group>"; };
		C54F7CA527CC9B6C0057EDF3 /* AppLibrary-Challenge4.app */ = {isa = PBXFileReference; explicitFileType = wrapper.application; includeInIndex = 0; path = "AppLibrary-Challenge4.app"; sourceTree = BUILT_PRODUCTS_DIR; };
		C54F7CA827CC9B6C0057EDF3 /* AppDelegate.swift */ = {isa = PBXFileReference; lastKnownFileType = sourcecode.swift; path = AppDelegate.swift; sourceTree = "<group>"; };
		C54F7CAA27CC9B6C0057EDF3 /* SceneDelegate.swift */ = {isa = PBXFileReference; lastKnownFileType = sourcecode.swift; path = SceneDelegate.swift; sourceTree = "<group>"; };
		C54F7CAC27CC9B6C0057EDF3 /* ViewController.swift */ = {isa = PBXFileReference; lastKnownFileType = sourcecode.swift; path = ViewController.swift; sourceTree = "<group>"; };
		C54F7CAF27CC9B6C0057EDF3 /* Base */ = {isa = PBXFileReference; lastKnownFileType = file.storyboard; name = Base; path = Base.lproj/Main.storyboard; sourceTree = "<group>"; };
		C54F7CB127CC9B6D0057EDF3 /* Assets.xcassets */ = {isa = PBXFileReference; lastKnownFileType = folder.assetcatalog; path = Assets.xcassets; sourceTree = "<group>"; };
		C54F7CB427CC9B6D0057EDF3 /* Base */ = {isa = PBXFileReference; lastKnownFileType = file.storyboard; name = Base; path = Base.lproj/LaunchScreen.storyboard; sourceTree = "<group>"; };
		C54F7CB627CC9B6D0057EDF3 /* Info.plist */ = {isa = PBXFileReference; lastKnownFileType = text.plist.xml; path = Info.plist; sourceTree = "<group>"; };
		C571846527CDEA6500769EE0 /* Constants.swift */ = {isa = PBXFileReference; lastKnownFileType = sourcecode.swift; path = Constants.swift; sourceTree = "<group>"; };
		C571846C27CDFFF500769EE0 /* RegistroViewController.swift */ = {isa = PBXFileReference; lastKnownFileType = sourcecode.swift; path = RegistroViewController.swift; sourceTree = "<group>"; };
		C571846E27CE00B400769EE0 /* HomeViewController.swift */ = {isa = PBXFileReference; lastKnownFileType = sourcecode.swift; path = HomeViewController.swift; sourceTree = "<group>"; };
		C59F39D227CEF0E6007A4BF6 /* UITextField++.swift */ = {isa = PBXFileReference; lastKnownFileType = sourcecode.swift; path = "UITextField++.swift"; sourceTree = "<group>"; };
		C59F39D427CF1C36007A4BF6 /* UIButton++.swift */ = {isa = PBXFileReference; lastKnownFileType = sourcecode.swift; path = "UIButton++.swift"; sourceTree = "<group>"; };
		C5A7AF2327DBBE940081BAB3 /* RegistroViewModel.swift */ = {isa = PBXFileReference; lastKnownFileType = sourcecode.swift; path = RegistroViewModel.swift; sourceTree = "<group>"; };
		C5A7AF2527DBCD020081BAB3 /* AcountViewController.swift */ = {isa = PBXFileReference; lastKnownFileType = sourcecode.swift; path = AcountViewController.swift; sourceTree = "<group>"; };
		C5A7AF2727DBD8FA0081BAB3 /* AuthorsViewController.swift */ = {isa = PBXFileReference; lastKnownFileType = sourcecode.swift; path = AuthorsViewController.swift; sourceTree = "<group>"; };
		C5A7AF2927DBDC1E0081BAB3 /* SearchViewController.swift */ = {isa = PBXFileReference; lastKnownFileType = sourcecode.swift; path = SearchViewController.swift; sourceTree = "<group>"; };
		C5A7AF2B27DBE31B0081BAB3 /* AddContentViewController.swift */ = {isa = PBXFileReference; lastKnownFileType = sourcecode.swift; path = AddContentViewController.swift; sourceTree = "<group>"; };
		C5A7AF2D27DBE8740081BAB3 /* AddAuthorsViewController.swift */ = {isa = PBXFileReference; lastKnownFileType = sourcecode.swift; path = AddAuthorsViewController.swift; sourceTree = "<group>"; };
		C5A7AF2F27DBF2DB0081BAB3 /* UITextView++.swift */ = {isa = PBXFileReference; lastKnownFileType = sourcecode.swift; path = "UITextView++.swift"; sourceTree = "<group>"; };
		F68E4EF0EED64D8A06E33AE9 /* Pods-AppLibrary-Challenge4.debug.xcconfig */ = {isa = PBXFileReference; includeInIndex = 1; lastKnownFileType = text.xcconfig; name = "Pods-AppLibrary-Challenge4.debug.xcconfig"; path = "Target Support Files/Pods-AppLibrary-Challenge4/Pods-AppLibrary-Challenge4.debug.xcconfig"; sourceTree = "<group>"; };
/* End PBXFileReference section */

/* Begin PBXFrameworksBuildPhase section */
		C54F7CA227CC9B6C0057EDF3 /* Frameworks */ = {
			isa = PBXFrameworksBuildPhase;
			buildActionMask = 2147483647;
			files = (
				6D66BA6193A41B08EE1F98CB /* Pods_AppLibrary_Challenge4.framework in Frameworks */,
			);
			runOnlyForDeploymentPostprocessing = 0;
		};
/* End PBXFrameworksBuildPhase section */

/* Begin PBXGroup section */
		45968486580BB3D7410DA554 /* Frameworks */ = {
			isa = PBXGroup;
			children = (
				BE86899BD7149698B409A6DE /* Pods_AppLibrary_Challenge4.framework */,
			);
			name = Frameworks;
			sourceTree = "<group>";
		};
		9AC0681AD23668CAF586F979 /* Pods */ = {
			isa = PBXGroup;
			children = (
				F68E4EF0EED64D8A06E33AE9 /* Pods-AppLibrary-Challenge4.debug.xcconfig */,
				8BFEEFE20C0928F2E02B69A9 /* Pods-AppLibrary-Challenge4.release.xcconfig */,
			);
			path = Pods;
			sourceTree = "<group>";
		};
		C54F7C9C27CC9B6B0057EDF3 = {
			isa = PBXGroup;
			children = (
				C54F7CA727CC9B6C0057EDF3 /* AppLibrary-Challenge4 */,
				C54F7CA627CC9B6C0057EDF3 /* Products */,
				9AC0681AD23668CAF586F979 /* Pods */,
				45968486580BB3D7410DA554 /* Frameworks */,
			);
			sourceTree = "<group>";
		};
		C54F7CA627CC9B6C0057EDF3 /* Products */ = {
			isa = PBXGroup;
			children = (
				C54F7CA527CC9B6C0057EDF3 /* AppLibrary-Challenge4.app */,
			);
			name = Products;
			sourceTree = "<group>";
		};
		C54F7CA727CC9B6C0057EDF3 /* AppLibrary-Challenge4 */ = {
			isa = PBXGroup;
			children = (
				C5A7AF2227DBBE820081BAB3 /* ViewModel */,
				C54F7CBE27CC9BC60057EDF3 /* Model */,
				C54F7CBD27CC9BBE0057EDF3 /* View */,
				C54F7CA827CC9B6C0057EDF3 /* AppDelegate.swift */,
				C54F7CAA27CC9B6C0057EDF3 /* SceneDelegate.swift */,
				C54F7CAE27CC9B6C0057EDF3 /* Main.storyboard */,
				C54F7CB127CC9B6D0057EDF3 /* Assets.xcassets */,
				C54F7CB327CC9B6D0057EDF3 /* LaunchScreen.storyboard */,
				C54F7CB627CC9B6D0057EDF3 /* Info.plist */,
				C53A432527D024E000AAD840 /* GoogleService-Info.plist */,
			);
			path = "AppLibrary-Challenge4";
			sourceTree = "<group>";
		};
		C54F7CBD27CC9BBE0057EDF3 /* View */ = {
			isa = PBXGroup;
			children = (
				C54F7CAC27CC9B6C0057EDF3 /* ViewController.swift */,
				C571846C27CDFFF500769EE0 /* RegistroViewController.swift */,
				C571846E27CE00B400769EE0 /* HomeViewController.swift */,
				C5A7AF2B27DBE31B0081BAB3 /* AddContentViewController.swift */,
				C530202927D806CC00DFD505 /* ReusableTableViewCell.swift */,
				C5A7AF2527DBCD020081BAB3 /* AcountViewController.swift */,
				C5A7AF2727DBD8FA0081BAB3 /* AuthorsViewController.swift */,
				C5A7AF2D27DBE8740081BAB3 /* AddAuthorsViewController.swift */,
				C5A7AF2927DBDC1E0081BAB3 /* SearchViewController.swift */,
			);
			path = View;
			sourceTree = "<group>";
		};
		C54F7CBE27CC9BC60057EDF3 /* Model */ = {
			isa = PBXGroup;
			children = (
				C571846527CDEA6500769EE0 /* Constants.swift */,
				C59F39D227CEF0E6007A4BF6 /* UITextField++.swift */,
				C5A7AF2F27DBF2DB0081BAB3 /* UITextView++.swift */,
				C59F39D427CF1C36007A4BF6 /* UIButton++.swift */,
				C5329A6C27DC1B7200FEBC21 /* UserModel.swift */,
			);
			path = Model;
			sourceTree = "<group>";
		};
		C5A7AF2227DBBE820081BAB3 /* ViewModel */ = {
			isa = PBXGroup;
			children = (
				C5A7AF2327DBBE940081BAB3 /* RegistroViewModel.swift */,
			);
			path = ViewModel;
			sourceTree = "<group>";
		};
/* End PBXGroup section */

/* Begin PBXNativeTarget section */
		C54F7CA427CC9B6C0057EDF3 /* AppLibrary-Challenge4 */ = {
			isa = PBXNativeTarget;
			buildConfigurationList = C54F7CB927CC9B6D0057EDF3 /* Build configuration list for PBXNativeTarget "AppLibrary-Challenge4" */;
			buildPhases = (
				84567890B925224272BD5331 /* [CP] Check Pods Manifest.lock */,
				C54F7CA127CC9B6C0057EDF3 /* Sources */,
				C54F7CA227CC9B6C0057EDF3 /* Frameworks */,
				C54F7CA327CC9B6C0057EDF3 /* Resources */,
				4E785CD76E91C14BB01A8407 /* [CP] Embed Pods Frameworks */,
			);
			buildRules = (
			);
			dependencies = (
			);
			name = "AppLibrary-Challenge4";
			productName = "AppLibrary-Challenge4";
			productReference = C54F7CA527CC9B6C0057EDF3 /* AppLibrary-Challenge4.app */;
			productType = "com.apple.product-type.application";
		};
/* End PBXNativeTarget section */

/* Begin PBXProject section */
		C54F7C9D27CC9B6B0057EDF3 /* Project object */ = {
			isa = PBXProject;
			attributes = {
				BuildIndependentTargetsInParallel = 1;
				LastSwiftUpdateCheck = 1320;
				LastUpgradeCheck = 1320;
				TargetAttributes = {
					C54F7CA427CC9B6C0057EDF3 = {
						CreatedOnToolsVersion = 13.2;
					};
				};
			};
			buildConfigurationList = C54F7CA027CC9B6B0057EDF3 /* Build configuration list for PBXProject "AppLibrary-Challenge4" */;
			compatibilityVersion = "Xcode 13.0";
			developmentRegion = en;
			hasScannedForEncodings = 0;
			knownRegions = (
				en,
				Base,
			);
			mainGroup = C54F7C9C27CC9B6B0057EDF3;
			productRefGroup = C54F7CA627CC9B6C0057EDF3 /* Products */;
			projectDirPath = "";
			projectRoot = "";
			targets = (
				C54F7CA427CC9B6C0057EDF3 /* AppLibrary-Challenge4 */,
			);
		};
/* End PBXProject section */

/* Begin PBXResourcesBuildPhase section */
		C54F7CA327CC9B6C0057EDF3 /* Resources */ = {
			isa = PBXResourcesBuildPhase;
			buildActionMask = 2147483647;
			files = (
				C54F7CB527CC9B6D0057EDF3 /* LaunchScreen.storyboard in Resources */,
				C53A432627D024E000AAD840 /* GoogleService-Info.plist in Resources */,
				C54F7CB227CC9B6D0057EDF3 /* Assets.xcassets in Resources */,
				C54F7CB027CC9B6C0057EDF3 /* Main.storyboard in Resources */,
			);
			runOnlyForDeploymentPostprocessing = 0;
		};
/* End PBXResourcesBuildPhase section */

/* Begin PBXShellScriptBuildPhase section */
		4E785CD76E91C14BB01A8407 /* [CP] Embed Pods Frameworks */ = {
			isa = PBXShellScriptBuildPhase;
			buildActionMask = 2147483647;
			files = (
			);
			inputFileListPaths = (
				"${PODS_ROOT}/Target Support Files/Pods-AppLibrary-Challenge4/Pods-AppLibrary-Challenge4-frameworks-${CONFIGURATION}-input-files.xcfilelist",
			);
			name = "[CP] Embed Pods Frameworks";
			outputFileListPaths = (
				"${PODS_ROOT}/Target Support Files/Pods-AppLibrary-Challenge4/Pods-AppLibrary-Challenge4-frameworks-${CONFIGURATION}-output-files.xcfilelist",
			);
			runOnlyForDeploymentPostprocessing = 0;
			shellPath = /bin/sh;
			shellScript = "\"${PODS_ROOT}/Target Support Files/Pods-AppLibrary-Challenge4/Pods-AppLibrary-Challenge4-frameworks.sh\"\n";
			showEnvVarsInLog = 0;
		};
		84567890B925224272BD5331 /* [CP] Check Pods Manifest.lock */ = {
			isa = PBXShellScriptBuildPhase;
			buildActionMask = 2147483647;
			files = (
			);
			inputFileListPaths = (
			);
			inputPaths = (
				"${PODS_PODFILE_DIR_PATH}/Podfile.lock",
				"${PODS_ROOT}/Manifest.lock",
			);
			name = "[CP] Check Pods Manifest.lock";
			outputFileListPaths = (
			);
			outputPaths = (
				"$(DERIVED_FILE_DIR)/Pods-AppLibrary-Challenge4-checkManifestLockResult.txt",
			);
			runOnlyForDeploymentPostprocessing = 0;
			shellPath = /bin/sh;
			shellScript = "diff \"${PODS_PODFILE_DIR_PATH}/Podfile.lock\" \"${PODS_ROOT}/Manifest.lock\" > /dev/null\nif [ $? != 0 ] ; then\n    # print error to STDERR\n    echo \"error: The sandbox is not in sync with the Podfile.lock. Run 'pod install' or update your CocoaPods installation.\" >&2\n    exit 1\nfi\n# This output is used by Xcode 'outputs' to avoid re-running this script phase.\necho \"SUCCESS\" > \"${SCRIPT_OUTPUT_FILE_0}\"\n";
			showEnvVarsInLog = 0;
		};
/* End PBXShellScriptBuildPhase section */

/* Begin PBXSourcesBuildPhase section */
		C54F7CA127CC9B6C0057EDF3 /* Sources */ = {
			isa = PBXSourcesBuildPhase;
			buildActionMask = 2147483647;
			files = (
				C59F39D327CEF0E6007A4BF6 /* UITextField++.swift in Sources */,
				C5A7AF3027DBF2DB0081BAB3 /* UITextView++.swift in Sources */,
				C5A7AF2427DBBE940081BAB3 /* RegistroViewModel.swift in Sources */,
				C5A7AF2E27DBE8740081BAB3 /* AddAuthorsViewController.swift in Sources */,
				C571846F27CE00B400769EE0 /* HomeViewController.swift in Sources */,
				C5A7AF2827DBD8FA0081BAB3 /* AuthorsViewController.swift in Sources */,
				C530202A27D806CC00DFD505 /* ReusableTableViewCell.swift in Sources */,
				C54F7CAD27CC9B6C0057EDF3 /* ViewController.swift in Sources */,
				C5329A6D27DC1B7200FEBC21 /* UserModel.swift in Sources */,
				C5A7AF2627DBCD020081BAB3 /* AcountViewController.swift in Sources */,
				C59F39D527CF1C36007A4BF6 /* UIButton++.swift in Sources */,
				C5A7AF2C27DBE31B0081BAB3 /* AddContentViewController.swift in Sources */,
				C5A7AF2A27DBDC1E0081BAB3 /* SearchViewController.swift in Sources */,
				C54F7CA927CC9B6C0057EDF3 /* AppDelegate.swift in Sources */,
				C54F7CAB27CC9B6C0057EDF3 /* SceneDelegate.swift in Sources */,
				C571846D27CDFFF500769EE0 /* RegistroViewController.swift in Sources */,
				C571846627CDEA6500769EE0 /* Constants.swift in Sources */,
			);
			runOnlyForDeploymentPostprocessing = 0;
		};
/* End PBXSourcesBuildPhase section */

/* Begin PBXVariantGroup section */
		C54F7CAE27CC9B6C0057EDF3 /* Main.storyboard */ = {
			isa = PBXVariantGroup;
			children = (
				C54F7CAF27CC9B6C0057EDF3 /* Base */,
			);
			name = Main.storyboard;
			sourceTree = "<group>";
		};
		C54F7CB327CC9B6D0057EDF3 /* LaunchScreen.storyboard */ = {
			isa = PBXVariantGroup;
			children = (
				C54F7CB427CC9B6D0057EDF3 /* Base */,
			);
			name = LaunchScreen.storyboard;
			sourceTree = "<group>";
		};
/* End PBXVariantGroup section */

/* Begin XCBuildConfiguration section */
		C54F7CB727CC9B6D0057EDF3 /* Debug */ = {
			isa = XCBuildConfiguration;
			buildSettings = {
				ALWAYS_SEARCH_USER_PATHS = NO;
				CLANG_ANALYZER_NONNULL = YES;
				CLANG_ANALYZER_NUMBER_OBJECT_CONVERSION = YES_AGGRESSIVE;
				CLANG_CXX_LANGUAGE_STANDARD = "gnu++17";
				CLANG_CXX_LIBRARY = "libc++";
				CLANG_ENABLE_MODULES = YES;
				CLANG_ENABLE_OBJC_ARC = YES;
				CLANG_ENABLE_OBJC_WEAK = YES;
				CLANG_WARN_BLOCK_CAPTURE_AUTORELEASING = YES;
				CLANG_WARN_BOOL_CONVERSION = YES;
				CLANG_WARN_COMMA = YES;
				CLANG_WARN_CONSTANT_CONVERSION = YES;
				CLANG_WARN_DEPRECATED_OBJC_IMPLEMENTATIONS = YES;
				CLANG_WARN_DIRECT_OBJC_ISA_USAGE = YES_ERROR;
				CLANG_WARN_DOCUMENTATION_COMMENTS = YES;
				CLANG_WARN_EMPTY_BODY = YES;
				CLANG_WARN_ENUM_CONVERSION = YES;
				CLANG_WARN_INFINITE_RECURSION = YES;
				CLANG_WARN_INT_CONVERSION = YES;
				CLANG_WARN_NON_LITERAL_NULL_CONVERSION = YES;
				CLANG_WARN_OBJC_IMPLICIT_RETAIN_SELF = YES;
				CLANG_WARN_OBJC_LITERAL_CONVERSION = YES;
				CLANG_WARN_OBJC_ROOT_CLASS = YES_ERROR;
				CLANG_WARN_QUOTED_INCLUDE_IN_FRAMEWORK_HEADER = YES;
				CLANG_WARN_RANGE_LOOP_ANALYSIS = YES;
				CLANG_WARN_STRICT_PROTOTYPES = YES;
				CLANG_WARN_SUSPICIOUS_MOVE = YES;
				CLANG_WARN_UNGUARDED_AVAILABILITY = YES_AGGRESSIVE;
				CLANG_WARN_UNREACHABLE_CODE = YES;
				CLANG_WARN__DUPLICATE_METHOD_MATCH = YES;
				COPY_PHASE_STRIP = NO;
				DEBUG_INFORMATION_FORMAT = dwarf;
				ENABLE_STRICT_OBJC_MSGSEND = YES;
				ENABLE_TESTABILITY = YES;
				GCC_C_LANGUAGE_STANDARD = gnu11;
				GCC_DYNAMIC_NO_PIC = NO;
				GCC_NO_COMMON_BLOCKS = YES;
				GCC_OPTIMIZATION_LEVEL = 0;
				GCC_PREPROCESSOR_DEFINITIONS = (
					"DEBUG=1",
					"$(inherited)",
				);
				GCC_WARN_64_TO_32_BIT_CONVERSION = YES;
				GCC_WARN_ABOUT_RETURN_TYPE = YES_ERROR;
				GCC_WARN_UNDECLARED_SELECTOR = YES;
				GCC_WARN_UNINITIALIZED_AUTOS = YES_AGGRESSIVE;
				GCC_WARN_UNUSED_FUNCTION = YES;
				GCC_WARN_UNUSED_VARIABLE = YES;
				IPHONEOS_DEPLOYMENT_TARGET = 15.2;
				MTL_ENABLE_DEBUG_INFO = INCLUDE_SOURCE;
				MTL_FAST_MATH = YES;
				ONLY_ACTIVE_ARCH = YES;
				SDKROOT = iphoneos;
				SWIFT_ACTIVE_COMPILATION_CONDITIONS = DEBUG;
				SWIFT_OPTIMIZATION_LEVEL = "-Onone";
			};
			name = Debug;
		};
		C54F7CB827CC9B6D0057EDF3 /* Release */ = {
			isa = XCBuildConfiguration;
			buildSettings = {
				ALWAYS_SEARCH_USER_PATHS = NO;
				CLANG_ANALYZER_NONNULL = YES;
				CLANG_ANALYZER_NUMBER_OBJECT_CONVERSION = YES_AGGRESSIVE;
				CLANG_CXX_LANGUAGE_STANDARD = "gnu++17";
				CLANG_CXX_LIBRARY = "libc++";
				CLANG_ENABLE_MODULES = YES;
				CLANG_ENABLE_OBJC_ARC = YES;
				CLANG_ENABLE_OBJC_WEAK = YES;
				CLANG_WARN_BLOCK_CAPTURE_AUTORELEASING = YES;
				CLANG_WARN_BOOL_CONVERSION = YES;
				CLANG_WARN_COMMA = YES;
				CLANG_WARN_CONSTANT_CONVERSION = YES;
				CLANG_WARN_DEPRECATED_OBJC_IMPLEMENTATIONS = YES;
				CLANG_WARN_DIRECT_OBJC_ISA_USAGE = YES_ERROR;
				CLANG_WARN_DOCUMENTATION_COMMENTS = YES;
				CLANG_WARN_EMPTY_BODY = YES;
				CLANG_WARN_ENUM_CONVERSION = YES;
				CLANG_WARN_INFINITE_RECURSION = YES;
				CLANG_WARN_INT_CONVERSION = YES;
				CLANG_WARN_NON_LITERAL_NULL_CONVERSION = YES;
				CLANG_WARN_OBJC_IMPLICIT_RETAIN_SELF = YES;
				CLANG_WARN_OBJC_LITERAL_CONVERSION = YES;
				CLANG_WARN_OBJC_ROOT_CLASS = YES_ERROR;
				CLANG_WARN_QUOTED_INCLUDE_IN_FRAMEWORK_HEADER = YES;
				CLANG_WARN_RANGE_LOOP_ANALYSIS = YES;
				CLANG_WARN_STRICT_PROTOTYPES = YES;
				CLANG_WARN_SUSPICIOUS_MOVE = YES;
				CLANG_WARN_UNGUARDED_AVAILABILITY = YES_AGGRESSIVE;
				CLANG_WARN_UNREACHABLE_CODE = YES;
				CLANG_WARN__DUPLICATE_METHOD_MATCH = YES;
				COPY_PHASE_STRIP = NO;
				DEBUG_INFORMATION_FORMAT = "dwarf-with-dsym";
				ENABLE_NS_ASSERTIONS = NO;
				ENABLE_STRICT_OBJC_MSGSEND = YES;
				GCC_C_LANGUAGE_STANDARD = gnu11;
				GCC_NO_COMMON_BLOCKS = YES;
				GCC_WARN_64_TO_32_BIT_CONVERSION = YES;
				GCC_WARN_ABOUT_RETURN_TYPE = YES_ERROR;
				GCC_WARN_UNDECLARED_SELECTOR = YES;
				GCC_WARN_UNINITIALIZED_AUTOS = YES_AGGRESSIVE;
				GCC_WARN_UNUSED_FUNCTION = YES;
				GCC_WARN_UNUSED_VARIABLE = YES;
				IPHONEOS_DEPLOYMENT_TARGET = 15.2;
				MTL_ENABLE_DEBUG_INFO = NO;
				MTL_FAST_MATH = YES;
				SDKROOT = iphoneos;
				SWIFT_COMPILATION_MODE = wholemodule;
				SWIFT_OPTIMIZATION_LEVEL = "-O";
				VALIDATE_PRODUCT = YES;
			};
			name = Release;
		};
		C54F7CBA27CC9B6D0057EDF3 /* Debug */ = {
			isa = XCBuildConfiguration;
			baseConfigurationReference = F68E4EF0EED64D8A06E33AE9 /* Pods-AppLibrary-Challenge4.debug.xcconfig */;
			buildSettings = {
				ASSETCATALOG_COMPILER_APPICON_NAME = AppIcon;
				ASSETCATALOG_COMPILER_GLOBAL_ACCENT_COLOR_NAME = AccentColor;
				CODE_SIGN_STYLE = Automatic;
				CURRENT_PROJECT_VERSION = 1;
				DEVELOPMENT_TEAM = CAAQ6R4AHR;
				GENERATE_INFOPLIST_FILE = YES;
				INFOPLIST_FILE = "AppLibrary-Challenge4/Info.plist";
				INFOPLIST_KEY_UIApplicationSupportsIndirectInputEvents = YES;
				INFOPLIST_KEY_UILaunchStoryboardName = LaunchScreen;
				INFOPLIST_KEY_UIMainStoryboardFile = Main;
				INFOPLIST_KEY_UISupportedInterfaceOrientations_iPad = "UIInterfaceOrientationPortrait UIInterfaceOrientationPortraitUpsideDown UIInterfaceOrientationLandscapeLeft UIInterfaceOrientationLandscapeRight";
				INFOPLIST_KEY_UISupportedInterfaceOrientations_iPhone = "UIInterfaceOrientationPortrait UIInterfaceOrientationLandscapeLeft UIInterfaceOrientationLandscapeRight";
				IPHONEOS_DEPLOYMENT_TARGET = 13.0;
				LD_RUNPATH_SEARCH_PATHS = (
					"$(inherited)",
					"@executable_path/Frameworks",
				);
				MARKETING_VERSION = 1.0;
				PRODUCT_BUNDLE_IDENTIFIER = "wolf.squad.AppLibrary-Challenge4";
				PRODUCT_NAME = "$(TARGET_NAME)";
				SWIFT_EMIT_LOC_STRINGS = YES;
				SWIFT_VERSION = 5.0;
				TARGETED_DEVICE_FAMILY = 1;
			};
			name = Debug;
		};
		C54F7CBB27CC9B6D0057EDF3 /* Release */ = {
			isa = XCBuildConfiguration;
			baseConfigurationReference = 8BFEEFE20C0928F2E02B69A9 /* Pods-AppLibrary-Challenge4.release.xcconfig */;
			buildSettings = {
				ASSETCATALOG_COMPILER_APPICON_NAME = AppIcon;
				ASSETCATALOG_COMPILER_GLOBAL_ACCENT_COLOR_NAME = AccentColor;
				CODE_SIGN_STYLE = Automatic;
				CURRENT_PROJECT_VERSION = 1;
				DEVELOPMENT_TEAM = CAAQ6R4AHR;
				GENERATE_INFOPLIST_FILE = YES;
				INFOPLIST_FILE = "AppLibrary-Challenge4/Info.plist";
				INFOPLIST_KEY_UIApplicationSupportsIndirectInputEvents = YES;
				INFOPLIST_KEY_UILaunchStoryboardName = LaunchScreen;
				INFOPLIST_KEY_UIMainStoryboardFile = Main;
				INFOPLIST_KEY_UISupportedInterfaceOrientations_iPad = "UIInterfaceOrientationPortrait UIInterfaceOrientationPortraitUpsideDown UIInterfaceOrientationLandscapeLeft UIInterfaceOrientationLandscapeRight";
				INFOPLIST_KEY_UISupportedInterfaceOrientations_iPhone = "UIInterfaceOrientationPortrait UIInterfaceOrientationLandscapeLeft UIInterfaceOrientationLandscapeRight";
				IPHONEOS_DEPLOYMENT_TARGET = 13.0;
				LD_RUNPATH_SEARCH_PATHS = (
					"$(inherited)",
					"@executable_path/Frameworks",
				);
				MARKETING_VERSION = 1.0;
				PRODUCT_BUNDLE_IDENTIFIER = "wolf.squad.AppLibrary-Challenge4";
				PRODUCT_NAME = "$(TARGET_NAME)";
				SWIFT_EMIT_LOC_STRINGS = YES;
				SWIFT_VERSION = 5.0;
				TARGETED_DEVICE_FAMILY = 1;
			};
			name = Release;
		};
/* End XCBuildConfiguration section */

/* Begin XCConfigurationList section */
		C54F7CA027CC9B6B0057EDF3 /* Build configuration list for PBXProject "AppLibrary-Challenge4" */ = {
			isa = XCConfigurationList;
			buildConfigurations = (
				C54F7CB727CC9B6D0057EDF3 /* Debug */,
				C54F7CB827CC9B6D0057EDF3 /* Release */,
			);
			defaultConfigurationIsVisible = 0;
			defaultConfigurationName = Release;
		};
		C54F7CB927CC9B6D0057EDF3 /* Build configuration list for PBXNativeTarget "AppLibrary-Challenge4" */ = {
			isa = XCConfigurationList;
			buildConfigurations = (
				C54F7CBA27CC9B6D0057EDF3 /* Debug */,
				C54F7CBB27CC9B6D0057EDF3 /* Release */,
			);
			defaultConfigurationIsVisible = 0;
			defaultConfigurationName = Release;
		};
/* End XCConfigurationList section */
	};
	rootObject = C54F7C9D27CC9B6B0057EDF3 /* Project object */;
}
